
Microsoft Visual Studio Solution File, Format Version 12.00
# Visual Studio Version 16
VisualStudioVersion = 16.0.30907.101
MinimumVisualStudioVersion = 10.0.40219.1
Project("{FAE04EC0-301F-11D3-BF4B-00C04F79EFBC}") = "MyDictionary2", "MyDictionary2\MyDictionary2.csproj", "{887D392A-57FF-4F52-A6E2-4B2E42802A44}"
EndProject
Global
	GlobalSection(SolutionConfigurationPlatforms) = preSolution
		Debug|Any CPU = Debug|Any CPU
		Release|Any CPU = Release|Any CPU
	EndGlobalSection
	GlobalSection(ProjectConfigurationPlatforms) = postSolution
		{887D392A-57FF-4F52-A6E2-4B2E42802A44}.Debug|Any CPU.ActiveCfg = Debug|Any CPU
		{887D392A-57FF-4F52-A6E2-4B2E42802A44}.Debug|Any CPU.Build.0 = Debug|Any CPU
		{887D392A-57FF-4F52-A6E2-4B2E42802A44}.Release|Any CPU.ActiveCfg = Release|Any CPU
		{887D392A-57FF-4F52-A6E2-4B2E42802A44}.Release|Any CPU.Build.0 = Release|Any CPU
	EndGlobalSection
	GlobalSection(SolutionProperties) = preSolution
		HideSolutionNode = FALSE
	EndGlobalSection
	GlobalSection(ExtensibilityGlobals) = postSolution
		SolutionGuid = {5FCF9EF5-7716-4243-9E4E-63E19D0E5B92}
	EndGlobalSection
EndGlobal
